
Microsoft Visual Studio Solution File, Format Version 12.00
# Visual Studio Version 16
VisualStudioVersion = 16.0.30204.135
MinimumVisualStudioVersion = 10.0.40219.1
Project("{2150E333-8FDC-42A3-9474-1A3956D46DE8}") = "1.API", "1.API", "{5C7DF322-AAE1-4CEB-AB0D-F81981E24996}"
EndProject
Project("{FAE04EC0-301F-11D3-BF4B-00C04F79EFBC}") = "MedIoTHubCoreAPI3.API", "MedIoTHubCoreAPI3.API\MedIoTHubCoreAPI3.API.csproj", "{63F14D13-E1C2-45AC-9926-732A1913606D}"
EndProject
Project("{FAE04EC0-301F-11D3-BF4B-00C04F79EFBC}") = "MedIoTHubCoreAPI3.API.Common", "MedIoTHubCoreAPI3.API.Common\MedIoTHubCoreAPI3.API.Common.csproj", "{73CBCD69-C095-4BE0-80F9-E63C0B0132DB}"
EndProject
Project("{FAE04EC0-301F-11D3-BF4B-00C04F79EFBC}") = "MedIoTHubCoreAPI3.API.DataContracts", "MedIoTHubCoreAPI3.API.DataContracts\MedIoTHubCoreAPI3.API.DataContracts.csproj", "{8E8EC92C-9FCD-4622-B273-012531A448F0}"
EndProject
Project("{2150E333-8FDC-42A3-9474-1A3956D46DE8}") = "00.Tests", "00.Tests", "{FA9F8D16-1E52-4177-B007-52FB8CBFAA0C}"
EndProject
Project("{FAE04EC0-301F-11D3-BF4B-00C04F79EFBC}") = "MedIoTHubCoreAPI3.API.Tests.Controllers", "MedIoTHubCoreAPI3.API.Tests.Controllers\MedIoTHubCoreAPI3.API.Tests.Controllers.csproj", "{D11DAAE3-75AB-4FCF-8A15-9F458E811586}"
EndProject
Project("{FAE04EC0-301F-11D3-BF4B-00C04F79EFBC}") = "MedIoTHubCoreAPI3.API.Tests.REST", "MedIoTHubCoreAPI3.API.Tests.REST\MedIoTHubCoreAPI3.API.Tests.REST.csproj", "{500DC4BD-C22F-47FC-B02A-4785F1C04FD6}"
EndProject
Project("{2150E333-8FDC-42A3-9474-1A3956D46DE8}") = "01.Common", "01.Common", "{2D498207-1A90-4CA3-9E80-09D41BD8C1EC}"
EndProject
Project("{FAE04EC0-301F-11D3-BF4B-00C04F79EFBC}") = "MedIoTHubCoreAPI3.IoC.Configuration", "MedIoTHubCoreAPI3.IoC.Configuration\MedIoTHubCoreAPI3.IoC.Configuration.csproj", "{CEA7DD5F-DF22-4287-B11B-9BA45528523B}"
EndProject
Project("{FAE04EC0-301F-11D3-BF4B-00C04F79EFBC}") = "MedIoTHubCoreAPI3.Tools", "MedIoTHubCoreAPI3.Tools\MedIoTHubCoreAPI3.Tools.csproj", "{9C70A58C-C10E-489D-9C0D-52C8364E3A1F}"
EndProject
Project("{2150E333-8FDC-42A3-9474-1A3956D46DE8}") = "2.Services", "2.Services", "{4DD51BA5-71F0-4501-83F4-4685C8F54459}"
EndProject
Project("{FAE04EC0-301F-11D3-BF4B-00C04F79EFBC}") = "MedIoTHubCoreAPI3.Services", "MedIoTHubCoreAPI3.Services\MedIoTHubCoreAPI3.Services.csproj", "{D2B5068F-8AE3-4EB6-B84B-D767DC9069F4}"
EndProject
Project("{2150E333-8FDC-42A3-9474-1A3956D46DE8}") = "3.Repositories", "3.Repositories", "{2A54E901-F31E-45D4-AB3C-4F96ACCC70D1}"
EndProject
Global
	GlobalSection(SolutionConfigurationPlatforms) = preSolution
		Debug|Any CPU = Debug|Any CPU
		Release|Any CPU = Release|Any CPU
	EndGlobalSection
	GlobalSection(ProjectConfigurationPlatforms) = postSolution
		{63F14D13-E1C2-45AC-9926-732A1913606D}.Debug|Any CPU.ActiveCfg = Debug|Any CPU
		{63F14D13-E1C2-45AC-9926-732A1913606D}.Debug|Any CPU.Build.0 = Debug|Any CPU
		{63F14D13-E1C2-45AC-9926-732A1913606D}.Release|Any CPU.ActiveCfg = Release|Any CPU
		{63F14D13-E1C2-45AC-9926-732A1913606D}.Release|Any CPU.Build.0 = Release|Any CPU
		{73CBCD69-C095-4BE0-80F9-E63C0B0132DB}.Debug|Any CPU.ActiveCfg = Debug|Any CPU
		{73CBCD69-C095-4BE0-80F9-E63C0B0132DB}.Debug|Any CPU.Build.0 = Debug|Any CPU
		{73CBCD69-C095-4BE0-80F9-E63C0B0132DB}.Release|Any CPU.ActiveCfg = Release|Any CPU
		{73CBCD69-C095-4BE0-80F9-E63C0B0132DB}.Release|Any CPU.Build.0 = Release|Any CPU
		{8E8EC92C-9FCD-4622-B273-012531A448F0}.Debug|Any CPU.ActiveCfg = Debug|Any CPU
		{8E8EC92C-9FCD-4622-B273-012531A448F0}.Debug|Any CPU.Build.0 = Debug|Any CPU
		{8E8EC92C-9FCD-4622-B273-012531A448F0}.Release|Any CPU.ActiveCfg = Release|Any CPU
		{8E8EC92C-9FCD-4622-B273-012531A448F0}.Release|Any CPU.Build.0 = Release|Any CPU
		{D11DAAE3-75AB-4FCF-8A15-9F458E811586}.Debug|Any CPU.ActiveCfg = Debug|Any CPU
		{D11DAAE3-75AB-4FCF-8A15-9F458E811586}.Debug|Any CPU.Build.0 = Debug|Any CPU
		{D11DAAE3-75AB-4FCF-8A15-9F458E811586}.Release|Any CPU.ActiveCfg = Release|Any CPU
		{D11DAAE3-75AB-4FCF-8A15-9F458E811586}.Release|Any CPU.Build.0 = Release|Any CPU
		{500DC4BD-C22F-47FC-B02A-4785F1C04FD6}.Debug|Any CPU.ActiveCfg = Debug|Any CPU
		{500DC4BD-C22F-47FC-B02A-4785F1C04FD6}.Debug|Any CPU.Build.0 = Debug|Any CPU
		{500DC4BD-C22F-47FC-B02A-4785F1C04FD6}.Release|Any CPU.ActiveCfg = Release|Any CPU
		{500DC4BD-C22F-47FC-B02A-4785F1C04FD6}.Release|Any CPU.Build.0 = Release|Any CPU
		{CEA7DD5F-DF22-4287-B11B-9BA45528523B}.Debug|Any CPU.ActiveCfg = Debug|Any CPU
		{CEA7DD5F-DF22-4287-B11B-9BA45528523B}.Debug|Any CPU.Build.0 = Debug|Any CPU
		{CEA7DD5F-DF22-4287-B11B-9BA45528523B}.Release|Any CPU.ActiveCfg = Release|Any CPU
		{CEA7DD5F-DF22-4287-B11B-9BA45528523B}.Release|Any CPU.Build.0 = Release|Any CPU
		{9C70A58C-C10E-489D-9C0D-52C8364E3A1F}.Debug|Any CPU.ActiveCfg = Debug|Any CPU
		{9C70A58C-C10E-489D-9C0D-52C8364E3A1F}.Debug|Any CPU.Build.0 = Debug|Any CPU
		{9C70A58C-C10E-489D-9C0D-52C8364E3A1F}.Release|Any CPU.ActiveCfg = Release|Any CPU
		{9C70A58C-C10E-489D-9C0D-52C8364E3A1F}.Release|Any CPU.Build.0 = Release|Any CPU
		{D2B5068F-8AE3-4EB6-B84B-D767DC9069F4}.Debug|Any CPU.ActiveCfg = Debug|Any CPU
		{D2B5068F-8AE3-4EB6-B84B-D767DC9069F4}.Debug|Any CPU.Build.0 = Debug|Any CPU
		{D2B5068F-8AE3-4EB6-B84B-D767DC9069F4}.Release|Any CPU.ActiveCfg = Release|Any CPU
		{D2B5068F-8AE3-4EB6-B84B-D767DC9069F4}.Release|Any CPU.Build.0 = Release|Any CPU
	EndGlobalSection
	GlobalSection(SolutionProperties) = preSolution
		HideSolutionNode = FALSE
	EndGlobalSection
	GlobalSection(NestedProjects) = preSolution
		{63F14D13-E1C2-45AC-9926-732A1913606D} = {5C7DF322-AAE1-4CEB-AB0D-F81981E24996}
		{73CBCD69-C095-4BE0-80F9-E63C0B0132DB} = {5C7DF322-AAE1-4CEB-AB0D-F81981E24996}
		{8E8EC92C-9FCD-4622-B273-012531A448F0} = {5C7DF322-AAE1-4CEB-AB0D-F81981E24996}
		{D11DAAE3-75AB-4FCF-8A15-9F458E811586} = {FA9F8D16-1E52-4177-B007-52FB8CBFAA0C}
		{500DC4BD-C22F-47FC-B02A-4785F1C04FD6} = {FA9F8D16-1E52-4177-B007-52FB8CBFAA0C}
		{CEA7DD5F-DF22-4287-B11B-9BA45528523B} = {2D498207-1A90-4CA3-9E80-09D41BD8C1EC}
		{9C70A58C-C10E-489D-9C0D-52C8364E3A1F} = {2D498207-1A90-4CA3-9E80-09D41BD8C1EC}
		{D2B5068F-8AE3-4EB6-B84B-D767DC9069F4} = {4DD51BA5-71F0-4501-83F4-4685C8F54459}
	EndGlobalSection
	GlobalSection(ExtensibilityGlobals) = postSolution
		SolutionGuid = {69B7CE11-6732-4E8E-9B67-E7AFEB742271}
	EndGlobalSection
EndGlobal
